{
  "requires": true,
  "lockfileVersion": 1,
  "dependencies": {
    "shopify-buy": {
      "version": "1.4.0",
      "resolved": "https://registry.npmjs.org/shopify-buy/-/shopify-buy-1.4.0.tgz",
      "integrity": "sha512-caV7JvLzXuxB8nZvfCijsrU+a6b7BJYO+KGLXInShvZZY+mzP23n9d3yfOWDlzx6HkKdYGc8M/8y/2hKnk4YYw=="
    }
  }
}
